// !$*UTF8*$!
{
	archiveVersion = 1;
	classes = {
	};
	objectVersion = 77;
	objects = {

/* Begin PBXBuildFile section */
		492BD7DC2DC9A07F0020485B /* RecipeParserShareExtension.appex in Embed Foundation Extensions */ = {isa = PBXBuildFile; fileRef = 492BD7D22DC9A07F0020485B /* RecipeParserShareExtension.appex */; settings = {ATTRIBUTES = (RemoveHeadersOnCopy, ); }; };
		492BD7F82DC9E45F0020485B /* SFSymbolsMacro in Frameworks */ = {isa = PBXBuildFile; productRef = 492BD7F72DC9E45F0020485B /* SFSymbolsMacro */; };
		49A5307C2DC88CDF0023574C /* SFSymbolsMacro in Frameworks */ = {isa = PBXBuildFile; productRef = 49A5307B2DC88CDF0023574C /* SFSymbolsMacro */; };
/* End PBXBuildFile section */

/* Begin PBXContainerItemProxy section */
		492BD7DA2DC9A07F0020485B /* PBXContainerItemProxy */ = {
			isa = PBXContainerItemProxy;
			containerPortal = 49B19D282DB0F9EC008F9B9E /* Project object */;
			proxyType = 1;
			remoteGlobalIDString = 492BD7D12DC9A07F0020485B;
			remoteInfo = RecipeParserShareExtension;
		};
		49B19D422DB0F9EE008F9B9E /* PBXContainerItemProxy */ = {
			isa = PBXContainerItemProxy;
			containerPortal = 49B19D282DB0F9EC008F9B9E /* Project object */;
			proxyType = 1;
			remoteGlobalIDString = 49B19D2F2DB0F9EC008F9B9E;
			remoteInfo = RecipeParser;
		};
		49B19D4C2DB0F9EE008F9B9E /* PBXContainerItemProxy */ = {
			isa = PBXContainerItemProxy;
			containerPortal = 49B19D282DB0F9EC008F9B9E /* Project object */;
			proxyType = 1;
			remoteGlobalIDString = 49B19D2F2DB0F9EC008F9B9E;
			remoteInfo = RecipeParser;
		};
/* End PBXContainerItemProxy section */

/* Begin PBXCopyFilesBuildPhase section */
		492BD7DD2DC9A07F0020485B /* Embed Foundation Extensions */ = {
			isa = PBXCopyFilesBuildPhase;
			buildActionMask = 2147483647;
			dstPath = "";
			dstSubfolderSpec = 13;
			files = (
				492BD7DC2DC9A07F0020485B /* RecipeParserShareExtension.appex in Embed Foundation Extensions */,
			);
			name = "Embed Foundation Extensions";
			runOnlyForDeploymentPostprocessing = 0;
		};
/* End PBXCopyFilesBuildPhase section */

/* Begin PBXFileReference section */
		492BD7D22DC9A07F0020485B /* RecipeParserShareExtension.appex */ = {isa = PBXFileReference; explicitFileType = "wrapper.app-extension"; includeInIndex = 0; path = RecipeParserShareExtension.appex; sourceTree = BUILT_PRODUCTS_DIR; };
		49B19D302DB0F9ED008F9B9E /* RecipeParser.app */ = {isa = PBXFileReference; explicitFileType = wrapper.application; includeInIndex = 0; path = RecipeParser.app; sourceTree = BUILT_PRODUCTS_DIR; };
		49B19D412DB0F9EE008F9B9E /* RecipeParserTests.xctest */ = {isa = PBXFileReference; explicitFileType = wrapper.cfbundle; includeInIndex = 0; path = RecipeParserTests.xctest; sourceTree = BUILT_PRODUCTS_DIR; };
		49B19D4B2DB0F9EE008F9B9E /* RecipeParserUITests.xctest */ = {isa = PBXFileReference; explicitFileType = wrapper.cfbundle; includeInIndex = 0; path = RecipeParserUITests.xctest; sourceTree = BUILT_PRODUCTS_DIR; };
/* End PBXFileReference section */

/* Begin PBXFileSystemSynchronizedBuildFileExceptionSet section */
		492BD7E12DC9A07F0020485B /* Exceptions for "RecipeParserShareExtension" folder in "RecipeParserShareExtension" target */ = {
			isa = PBXFileSystemSynchronizedBuildFileExceptionSet;
			membershipExceptions = (
				Info.plist,
			);
			target = 492BD7D12DC9A07F0020485B /* RecipeParserShareExtension */;
		};
		492BD7E62DC9B1260020485B /* Exceptions for "RecipeParser" folder in "RecipeParserShareExtension" target */ = {
			isa = PBXFileSystemSynchronizedBuildFileExceptionSet;
			membershipExceptions = (
				API/APIClient.swift,
				API/Endpoints/RecipeEndpoints.swift,
				"Extensions/Bundle+Extensions.swift",
				"Extensions/Codable+Extensions.swift",
				"Extensions/Color+Extensions.swift",
				"Extensions/CustomError+Extensions.swift",
				"Extensions/Data+Extensions.swift",
				"Extensions/ModelContainer+Extensions.swift",
				"Extensions/NSItemProvider+Extensions.swift",
				"Extensions/NSNotification+Extensions.swift",
				"Extensions/Optional+Extensions.swift",
				"Extensions/String+Extensions.swift",
				"Extensions/View+Extensions.swift",
				RecipeParserApp.swift,
				Screens/Home/HomeView.swift,
				Screens/Home/RecipeRow.swift,
				Screens/Onboarding/OnboardingCard.swift,
				Screens/Onboarding/OnboardingView.swift,
				Screens/Recipe/RecipeView.swift,
				Utils/Constants.swift,
				Utils/CustomLabelStyle.swift,
				Utils/Debugger.swift,
				Utils/ExtractRecipeMetadata.swift,
				Utils/Models.swift,
				Utils/PropertyWrappers.swift,
				Utils/Protocols.swift,
				Utils/Utils.swift,
				Views/BrowserView.swift,
				Views/CompactButton.swift,
				Views/CustomImage.swift,
				Views/LoadableView.swift,
				Views/Modifiers/EmptyViewModifier.swift,
				Views/Modifiers/ShapeAndBorderModifier.swift,
				Views/Modifiers/ToastModifier.swift,
				Views/ParseRecipeView.swift,
				Views/RecipeMetadataView.swift,
				Views/ToastView.swift,
				Views/WideButton.swift,
			);
			target = 492BD7D12DC9A07F0020485B /* RecipeParserShareExtension */;
		};
		49B19D532DB0F9EE008F9B9E /* Exceptions for "RecipeParser" folder in "RecipeParser" target */ = {
			isa = PBXFileSystemSynchronizedBuildFileExceptionSet;
			membershipExceptions = (
				Info.plist,
			);
			target = 49B19D2F2DB0F9EC008F9B9E /* RecipeParser */;
		};
/* End PBXFileSystemSynchronizedBuildFileExceptionSet section */

/* Begin PBXFileSystemSynchronizedRootGroup section */
		492BD7D32DC9A07F0020485B /* RecipeParserShareExtension */ = {
			isa = PBXFileSystemSynchronizedRootGroup;
			exceptions = (
				492BD7E12DC9A07F0020485B /* Exceptions for "RecipeParserShareExtension" folder in "RecipeParserShareExtension" target */,
			);
			path = RecipeParserShareExtension;
			sourceTree = "<group>";
		};
		49B19D322DB0F9ED008F9B9E /* RecipeParser */ = {
			isa = PBXFileSystemSynchronizedRootGroup;
			exceptions = (
				49B19D532DB0F9EE008F9B9E /* Exceptions for "RecipeParser" folder in "RecipeParser" target */,
				492BD7E62DC9B1260020485B /* Exceptions for "RecipeParser" folder in "RecipeParserShareExtension" target */,
			);
			path = RecipeParser;
			sourceTree = "<group>";
		};
		49B19D442DB0F9EE008F9B9E /* RecipeParserTests */ = {
			isa = PBXFileSystemSynchronizedRootGroup;
			path = RecipeParserTests;
			sourceTree = "<group>";
		};
		49B19D4E2DB0F9EE008F9B9E /* RecipeParserUITests */ = {
			isa = PBXFileSystemSynchronizedRootGroup;
			path = RecipeParserUITests;
			sourceTree = "<group>";
		};
/* End PBXFileSystemSynchronizedRootGroup section */

/* Begin PBXFrameworksBuildPhase section */
		492BD7CF2DC9A07F0020485B /* Frameworks */ = {
			isa = PBXFrameworksBuildPhase;
			buildActionMask = 2147483647;
			files = (
				492BD7F82DC9E45F0020485B /* SFSymbolsMacro in Frameworks */,
			);
			runOnlyForDeploymentPostprocessing = 0;
		};
		49B19D2D2DB0F9EC008F9B9E /* Frameworks */ = {
			isa = PBXFrameworksBuildPhase;
			buildActionMask = 2147483647;
			files = (
				49A5307C2DC88CDF0023574C /* SFSymbolsMacro in Frameworks */,
			);
			runOnlyForDeploymentPostprocessing = 0;
		};
		49B19D3E2DB0F9EE008F9B9E /* Frameworks */ = {
			isa = PBXFrameworksBuildPhase;
			buildActionMask = 2147483647;
			files = (
			);
			runOnlyForDeploymentPostprocessing = 0;
		};
		49B19D482DB0F9EE008F9B9E /* Frameworks */ = {
			isa = PBXFrameworksBuildPhase;
			buildActionMask = 2147483647;
			files = (
			);
			runOnlyForDeploymentPostprocessing = 0;
		};
/* End PBXFrameworksBuildPhase section */

/* Begin PBXGroup section */
		492BD7F62DC9E45F0020485B /* Frameworks */ = {
			isa = PBXGroup;
			children = (
			);
			name = Frameworks;
			sourceTree = "<group>";
		};
		49B19D272DB0F9EC008F9B9E = {
			isa = PBXGroup;
			children = (
				49B19D322DB0F9ED008F9B9E /* RecipeParser */,
				49B19D442DB0F9EE008F9B9E /* RecipeParserTests */,
				49B19D4E2DB0F9EE008F9B9E /* RecipeParserUITests */,
				492BD7D32DC9A07F0020485B /* RecipeParserShareExtension */,
				492BD7F62DC9E45F0020485B /* Frameworks */,
				49B19D312DB0F9ED008F9B9E /* Products */,
			);
			sourceTree = "<group>";
		};
		49B19D312DB0F9ED008F9B9E /* Products */ = {
			isa = PBXGroup;
			children = (
				49B19D302DB0F9ED008F9B9E /* RecipeParser.app */,
				49B19D412DB0F9EE008F9B9E /* RecipeParserTests.xctest */,
				49B19D4B2DB0F9EE008F9B9E /* RecipeParserUITests.xctest */,
				492BD7D22DC9A07F0020485B /* RecipeParserShareExtension.appex */,
			);
			name = Products;
			sourceTree = "<group>";
		};
/* End PBXGroup section */

/* Begin PBXNativeTarget section */
		492BD7D12DC9A07F0020485B /* RecipeParserShareExtension */ = {
			isa = PBXNativeTarget;
			buildConfigurationList = 492BD7E02DC9A07F0020485B /* Build configuration list for PBXNativeTarget "RecipeParserShareExtension" */;
			buildPhases = (
				492BD7CE2DC9A07F0020485B /* Sources */,
				492BD7CF2DC9A07F0020485B /* Frameworks */,
				492BD7D02DC9A07F0020485B /* Resources */,
			);
			buildRules = (
			);
			dependencies = (
			);
			fileSystemSynchronizedGroups = (
				492BD7D32DC9A07F0020485B /* RecipeParserShareExtension */,
			);
			name = RecipeParserShareExtension;
			packageProductDependencies = (
				492BD7F72DC9E45F0020485B /* SFSymbolsMacro */,
			);
			productName = RecipeParserShareExtension;
			productReference = 492BD7D22DC9A07F0020485B /* RecipeParserShareExtension.appex */;
			productType = "com.apple.product-type.app-extension";
		};
		49B19D2F2DB0F9EC008F9B9E /* RecipeParser */ = {
			isa = PBXNativeTarget;
			buildConfigurationList = 49B19D542DB0F9EE008F9B9E /* Build configuration list for PBXNativeTarget "RecipeParser" */;
			buildPhases = (
				49B19D2C2DB0F9EC008F9B9E /* Sources */,
				49B19D2D2DB0F9EC008F9B9E /* Frameworks */,
				49B19D2E2DB0F9EC008F9B9E /* Resources */,
				492BD7DD2DC9A07F0020485B /* Embed Foundation Extensions */,
			);
			buildRules = (
			);
			dependencies = (
				492BD7DB2DC9A07F0020485B /* PBXTargetDependency */,
			);
			fileSystemSynchronizedGroups = (
				49B19D322DB0F9ED008F9B9E /* RecipeParser */,
			);
			name = RecipeParser;
			packageProductDependencies = (
				49A5307B2DC88CDF0023574C /* SFSymbolsMacro */,
			);
			productName = RecipeParser;
			productReference = 49B19D302DB0F9ED008F9B9E /* RecipeParser.app */;
			productType = "com.apple.product-type.application";
		};
		49B19D402DB0F9EE008F9B9E /* RecipeParserTests */ = {
			isa = PBXNativeTarget;
			buildConfigurationList = 49B19D592DB0F9EE008F9B9E /* Build configuration list for PBXNativeTarget "RecipeParserTests" */;
			buildPhases = (
				49B19D3D2DB0F9EE008F9B9E /* Sources */,
				49B19D3E2DB0F9EE008F9B9E /* Frameworks */,
				49B19D3F2DB0F9EE008F9B9E /* Resources */,
			);
			buildRules = (
			);
			dependencies = (
				49B19D432DB0F9EE008F9B9E /* PBXTargetDependency */,
			);
			fileSystemSynchronizedGroups = (
				49B19D442DB0F9EE008F9B9E /* RecipeParserTests */,
			);
			name = RecipeParserTests;
			packageProductDependencies = (
			);
			productName = RecipeParserTests;
			productReference = 49B19D412DB0F9EE008F9B9E /* RecipeParserTests.xctest */;
			productType = "com.apple.product-type.bundle.unit-test";
		};
		49B19D4A2DB0F9EE008F9B9E /* RecipeParserUITests */ = {
			isa = PBXNativeTarget;
			buildConfigurationList = 49B19D5C2DB0F9EE008F9B9E /* Build configuration list for PBXNativeTarget "RecipeParserUITests" */;
			buildPhases = (
				49B19D472DB0F9EE008F9B9E /* Sources */,
				49B19D482DB0F9EE008F9B9E /* Frameworks */,
				49B19D492DB0F9EE008F9B9E /* Resources */,
			);
			buildRules = (
			);
			dependencies = (
				49B19D4D2DB0F9EE008F9B9E /* PBXTargetDependency */,
			);
			fileSystemSynchronizedGroups = (
				49B19D4E2DB0F9EE008F9B9E /* RecipeParserUITests */,
			);
			name = RecipeParserUITests;
			packageProductDependencies = (
			);
			productName = RecipeParserUITests;
			productReference = 49B19D4B2DB0F9EE008F9B9E /* RecipeParserUITests.xctest */;
			productType = "com.apple.product-type.bundle.ui-testing";
		};
/* End PBXNativeTarget section */

/* Begin PBXProject section */
		49B19D282DB0F9EC008F9B9E /* Project object */ = {
			isa = PBXProject;
			attributes = {
				BuildIndependentTargetsInParallel = 1;
				LastSwiftUpdateCheck = 1630;
				LastUpgradeCheck = 1630;
				TargetAttributes = {
					492BD7D12DC9A07F0020485B = {
						CreatedOnToolsVersion = 16.3;
					};
					49B19D2F2DB0F9EC008F9B9E = {
						CreatedOnToolsVersion = 16.3;
					};
					49B19D402DB0F9EE008F9B9E = {
						CreatedOnToolsVersion = 16.3;
						TestTargetID = 49B19D2F2DB0F9EC008F9B9E;
					};
					49B19D4A2DB0F9EE008F9B9E = {
						CreatedOnToolsVersion = 16.3;
						TestTargetID = 49B19D2F2DB0F9EC008F9B9E;
					};
				};
			};
			buildConfigurationList = 49B19D2B2DB0F9EC008F9B9E /* Build configuration list for PBXProject "RecipeParser" */;
			developmentRegion = en;
			hasScannedForEncodings = 0;
			knownRegions = (
				en,
				Base,
			);
			mainGroup = 49B19D272DB0F9EC008F9B9E;
			minimizedProjectReferenceProxies = 1;
			packageReferences = (
				49A5307A2DC88CDF0023574C /* XCRemoteSwiftPackageReference "SFSymbolsMacro" */,
			);
			preferredProjectObjectVersion = 77;
			productRefGroup = 49B19D312DB0F9ED008F9B9E /* Products */;
			projectDirPath = "";
			projectRoot = "";
			targets = (
				49B19D2F2DB0F9EC008F9B9E /* RecipeParser */,
				49B19D402DB0F9EE008F9B9E /* RecipeParserTests */,
				49B19D4A2DB0F9EE008F9B9E /* RecipeParserUITests */,
				492BD7D12DC9A07F0020485B /* RecipeParserShareExtension */,
			);
		};
/* End PBXProject section */

/* Begin PBXResourcesBuildPhase section */
		492BD7D02DC9A07F0020485B /* Resources */ = {
			isa = PBXResourcesBuildPhase;
			buildActionMask = 2147483647;
			files = (
			);
			runOnlyForDeploymentPostprocessing = 0;
		};
		49B19D2E2DB0F9EC008F9B9E /* Resources */ = {
			isa = PBXResourcesBuildPhase;
			buildActionMask = 2147483647;
			files = (
			);
			runOnlyForDeploymentPostprocessing = 0;
		};
		49B19D3F2DB0F9EE008F9B9E /* Resources */ = {
			isa = PBXResourcesBuildPhase;
			buildActionMask = 2147483647;
			files = (
			);
			runOnlyForDeploymentPostprocessing = 0;
		};
		49B19D492DB0F9EE008F9B9E /* Resources */ = {
			isa = PBXResourcesBuildPhase;
			buildActionMask = 2147483647;
			files = (
			);
			runOnlyForDeploymentPostprocessing = 0;
		};
/* End PBXResourcesBuildPhase section */

/* Begin PBXSourcesBuildPhase section */
		492BD7CE2DC9A07F0020485B /* Sources */ = {
			isa = PBXSourcesBuildPhase;
			buildActionMask = 2147483647;
			files = (
			);
			runOnlyForDeploymentPostprocessing = 0;
		};
		49B19D2C2DB0F9EC008F9B9E /* Sources */ = {
			isa = PBXSourcesBuildPhase;
			buildActionMask = 2147483647;
			files = (
			);
			runOnlyForDeploymentPostprocessing = 0;
		};
		49B19D3D2DB0F9EE008F9B9E /* Sources */ = {
			isa = PBXSourcesBuildPhase;
			buildActionMask = 2147483647;
			files = (
			);
			runOnlyForDeploymentPostprocessing = 0;
		};
		49B19D472DB0F9EE008F9B9E /* Sources */ = {
			isa = PBXSourcesBuildPhase;
			buildActionMask = 2147483647;
			files = (
			);
			runOnlyForDeploymentPostprocessing = 0;
		};
/* End PBXSourcesBuildPhase section */

/* Begin PBXTargetDependency section */
		492BD7DB2DC9A07F0020485B /* PBXTargetDependency */ = {
			isa = PBXTargetDependency;
			target = 492BD7D12DC9A07F0020485B /* RecipeParserShareExtension */;
			targetProxy = 492BD7DA2DC9A07F0020485B /* PBXContainerItemProxy */;
		};
		49B19D432DB0F9EE008F9B9E /* PBXTargetDependency */ = {
			isa = PBXTargetDependency;
			target = 49B19D2F2DB0F9EC008F9B9E /* RecipeParser */;
			targetProxy = 49B19D422DB0F9EE008F9B9E /* PBXContainerItemProxy */;
		};
		49B19D4D2DB0F9EE008F9B9E /* PBXTargetDependency */ = {
			isa = PBXTargetDependency;
			target = 49B19D2F2DB0F9EC008F9B9E /* RecipeParser */;
			targetProxy = 49B19D4C2DB0F9EE008F9B9E /* PBXContainerItemProxy */;
		};
/* End PBXTargetDependency section */

/* Begin XCBuildConfiguration section */
		492BD7DE2DC9A07F0020485B /* Debug */ = {
			isa = XCBuildConfiguration;
			buildSettings = {
				CODE_SIGN_ENTITLEMENTS = RecipeParserShareExtension/RecipeParserShareExtension.entitlements;
				CODE_SIGN_STYLE = Automatic;
				CURRENT_PROJECT_VERSION = 1;
				DEVELOPMENT_TEAM = D7L232D4Y5;
				GENERATE_INFOPLIST_FILE = YES;
				INFOPLIST_FILE = RecipeParserShareExtension/Info.plist;
				INFOPLIST_KEY_CFBundleDisplayName = RecipeParserShareExtension;
				INFOPLIST_KEY_NSHumanReadableCopyright = "";
				LD_RUNPATH_SEARCH_PATHS = (
					"$(inherited)",
					"@executable_path/Frameworks",
					"@executable_path/../../Frameworks",
				);
				MARKETING_VERSION = 1.0;
				PRODUCT_BUNDLE_IDENTIFIER = JJC.RecipeParser.RecipeParserShareExtension;
				PRODUCT_NAME = "$(TARGET_NAME)";
				SKIP_INSTALL = YES;
				SWIFT_EMIT_LOC_STRINGS = YES;
				SWIFT_VERSION = 5.0;
				TARGETED_DEVICE_FAMILY = "1,2";
			};
			name = Debug;
		};
		492BD7DF2DC9A07F0020485B /* Release */ = {
			isa = XCBuildConfiguration;
			buildSettings = {
				CODE_SIGN_ENTITLEMENTS = RecipeParserShareExtension/RecipeParserShareExtension.entitlements;
				CODE_SIGN_STYLE = Automatic;
				CURRENT_PROJECT_VERSION = 1;
				DEVELOPMENT_TEAM = D7L232D4Y5;
				GENERATE_INFOPLIST_FILE = YES;
				INFOPLIST_FILE = RecipeParserShareExtension/Info.plist;
				INFOPLIST_KEY_CFBundleDisplayName = RecipeParserShareExtension;
				INFOPLIST_KEY_NSHumanReadableCopyright = "";
				LD_RUNPATH_SEARCH_PATHS = (
					"$(inherited)",
					"@executable_path/Frameworks",
					"@executable_path/../../Frameworks",
				);
				MARKETING_VERSION = 1.0;
				PRODUCT_BUNDLE_IDENTIFIER = JJC.RecipeParser.RecipeParserShareExtension;
				PRODUCT_NAME = "$(TARGET_NAME)";
				SKIP_INSTALL = YES;
				SWIFT_EMIT_LOC_STRINGS = YES;
				SWIFT_VERSION = 5.0;
				TARGETED_DEVICE_FAMILY = "1,2";
			};
			name = Release;
		};
		49B19D552DB0F9EE008F9B9E /* Debug */ = {
			isa = XCBuildConfiguration;
			buildSettings = {
				ASSETCATALOG_COMPILER_APPICON_NAME = AppIcon;
				ASSETCATALOG_COMPILER_GLOBAL_ACCENT_COLOR_NAME = AccentColor;
				CODE_SIGN_ENTITLEMENTS = RecipeParser/RecipeParser.entitlements;
				CODE_SIGN_STYLE = Automatic;
				CURRENT_PROJECT_VERSION = 1;
				DEVELOPMENT_TEAM = D7L232D4Y5;
				ENABLE_PREVIEWS = YES;
				GENERATE_INFOPLIST_FILE = YES;
				INFOPLIST_FILE = RecipeParser/Info.plist;
				INFOPLIST_KEY_CFBundleDisplayName = "What's the Recipe?";
				INFOPLIST_KEY_LSApplicationCategoryType = "public.app-category.food-and-drink";
				INFOPLIST_KEY_UIApplicationSceneManifest_Generation = YES;
				INFOPLIST_KEY_UIApplicationSupportsIndirectInputEvents = YES;
				INFOPLIST_KEY_UILaunchScreen_Generation = YES;
				INFOPLIST_KEY_UISupportedInterfaceOrientations = UIInterfaceOrientationPortrait;
				INFOPLIST_KEY_UISupportedInterfaceOrientations_iPad = "UIInterfaceOrientationLandscapeLeft UIInterfaceOrientationLandscapeRight UIInterfaceOrientationPortrait UIInterfaceOrientationPortraitUpsideDown";
				LD_RUNPATH_SEARCH_PATHS = (
					"$(inherited)",
					"@executable_path/Frameworks",
				);
				MARKETING_VERSION = 1.0;
				PRODUCT_BUNDLE_IDENTIFIER = JJC.RecipeParser;
				PRODUCT_NAME = "$(TARGET_NAME)";
				SUPPORTED_PLATFORMS = "iphoneos iphonesimulator";
				SUPPORTS_MACCATALYST = NO;
				SUPPORTS_MAC_DESIGNED_FOR_IPHONE_IPAD = NO;
				SUPPORTS_XR_DESIGNED_FOR_IPHONE_IPAD = NO;
				SWIFT_EMIT_LOC_STRINGS = YES;
				SWIFT_VERSION = 5.0;
				TARGETED_DEVICE_FAMILY = 1;
			};
			name = Debug;
		};
		49B19D562DB0F9EE008F9B9E /* Release */ = {
			isa = XCBuildConfiguration;
			buildSettings = {
				ASSETCATALOG_COMPILER_APPICON_NAME = AppIcon;
				ASSETCATALOG_COMPILER_GLOBAL_ACCENT_COLOR_NAME = AccentColor;
				CODE_SIGN_ENTITLEMENTS = RecipeParser/RecipeParser.entitlements;
				CODE_SIGN_STYLE = Automatic;
				CURRENT_PROJECT_VERSION = 1;
				DEVELOPMENT_TEAM = D7L232D4Y5;
				ENABLE_PREVIEWS = YES;
				GENERATE_INFOPLIST_FILE = YES;
				INFOPLIST_FILE = RecipeParser/Info.plist;
				INFOPLIST_KEY_CFBundleDisplayName = "What's the Recipe?";
				INFOPLIST_KEY_LSApplicationCategoryType = "public.app-category.food-and-drink";
				INFOPLIST_KEY_UIApplicationSceneManifest_Generation = YES;
				INFOPLIST_KEY_UIApplicationSupportsIndirectInputEvents = YES;
				INFOPLIST_KEY_UILaunchScreen_Generation = YES;
				INFOPLIST_KEY_UISupportedInterfaceOrientations = UIInterfaceOrientationPortrait;
				INFOPLIST_KEY_UISupportedInterfaceOrientations_iPad = "UIInterfaceOrientationLandscapeLeft UIInterfaceOrientationLandscapeRight UIInterfaceOrientationPortrait UIInterfaceOrientationPortraitUpsideDown";
				LD_RUNPATH_SEARCH_PATHS = (
					"$(inherited)",
					"@executable_path/Frameworks",
				);
				MARKETING_VERSION = 1.0;
				PRODUCT_BUNDLE_IDENTIFIER = JJC.RecipeParser;
				PRODUCT_NAME = "$(TARGET_NAME)";
				SUPPORTED_PLATFORMS = "iphoneos iphonesimulator";
				SUPPORTS_MACCATALYST = NO;
				SUPPORTS_MAC_DESIGNED_FOR_IPHONE_IPAD = NO;
				SUPPORTS_XR_DESIGNED_FOR_IPHONE_IPAD = NO;
				SWIFT_EMIT_LOC_STRINGS = YES;
				SWIFT_VERSION = 5.0;
				TARGETED_DEVICE_FAMILY = 1;
			};
			name = Release;
		};
		49B19D572DB0F9EE008F9B9E /* Debug */ = {
			isa = XCBuildConfiguration;
			baseConfigurationReferenceAnchor = 49B19D322DB0F9ED008F9B9E /* RecipeParser */;
			baseConfigurationReferenceRelativePath = Configs/Config.xcconfig;
			buildSettings = {
				ALWAYS_SEARCH_USER_PATHS = NO;
				ASSETCATALOG_COMPILER_GENERATE_SWIFT_ASSET_SYMBOL_EXTENSIONS = YES;
				CLANG_ANALYZER_NONNULL = YES;
				CLANG_ANALYZER_NUMBER_OBJECT_CONVERSION = YES_AGGRESSIVE;
				CLANG_CXX_LANGUAGE_STANDARD = "gnu++20";
				CLANG_ENABLE_MODULES = YES;
				CLANG_ENABLE_OBJC_ARC = YES;
				CLANG_ENABLE_OBJC_WEAK = YES;
				CLANG_WARN_BLOCK_CAPTURE_AUTORELEASING = YES;
				CLANG_WARN_BOOL_CONVERSION = YES;
				CLANG_WARN_COMMA = YES;
				CLANG_WARN_CONSTANT_CONVERSION = YES;
				CLANG_WARN_DEPRECATED_OBJC_IMPLEMENTATIONS = YES;
				CLANG_WARN_DIRECT_OBJC_ISA_USAGE = YES_ERROR;
				CLANG_WARN_DOCUMENTATION_COMMENTS = YES;
				CLANG_WARN_EMPTY_BODY = YES;
				CLANG_WARN_ENUM_CONVERSION = YES;
				CLANG_WARN_INFINITE_RECURSION = YES;
				CLANG_WARN_INT_CONVERSION = YES;
				CLANG_WARN_NON_LITERAL_NULL_CONVERSION = YES;
				CLANG_WARN_OBJC_IMPLICIT_RETAIN_SELF = YES;
				CLANG_WARN_OBJC_LITERAL_CONVERSION = YES;
				CLANG_WARN_OBJC_ROOT_CLASS = YES_ERROR;
				CLANG_WARN_QUOTED_INCLUDE_IN_FRAMEWORK_HEADER = YES;
				CLANG_WARN_RANGE_LOOP_ANALYSIS = YES;
				CLANG_WARN_STRICT_PROTOTYPES = YES;
				CLANG_WARN_SUSPICIOUS_MOVE = YES;
				CLANG_WARN_UNGUARDED_AVAILABILITY = YES_AGGRESSIVE;
				CLANG_WARN_UNREACHABLE_CODE = YES;
				CLANG_WARN__DUPLICATE_METHOD_MATCH = YES;
				COPY_PHASE_STRIP = NO;
				DEBUG_INFORMATION_FORMAT = dwarf;
				ENABLE_STRICT_OBJC_MSGSEND = YES;
				ENABLE_TESTABILITY = YES;
				ENABLE_USER_SCRIPT_SANDBOXING = YES;
				GCC_C_LANGUAGE_STANDARD = gnu17;
				GCC_DYNAMIC_NO_PIC = NO;
				GCC_NO_COMMON_BLOCKS = YES;
				GCC_OPTIMIZATION_LEVEL = 0;
				GCC_PREPROCESSOR_DEFINITIONS = (
					"DEBUG=1",
					"$(inherited)",
				);
				GCC_WARN_64_TO_32_BIT_CONVERSION = YES;
				GCC_WARN_ABOUT_RETURN_TYPE = YES_ERROR;
				GCC_WARN_UNDECLARED_SELECTOR = YES;
				GCC_WARN_UNINITIALIZED_AUTOS = YES_AGGRESSIVE;
				GCC_WARN_UNUSED_FUNCTION = YES;
				GCC_WARN_UNUSED_VARIABLE = YES;
				IPHONEOS_DEPLOYMENT_TARGET = 18.4;
				LOCALIZATION_PREFERS_STRING_CATALOGS = YES;
				MTL_ENABLE_DEBUG_INFO = INCLUDE_SOURCE;
				MTL_FAST_MATH = YES;
				ONLY_ACTIVE_ARCH = YES;
				SDKROOT = iphoneos;
				SWIFT_ACTIVE_COMPILATION_CONDITIONS = "DEBUG $(inherited)";
				SWIFT_OPTIMIZATION_LEVEL = "-Onone";
			};
			name = Debug;
		};
		49B19D582DB0F9EE008F9B9E /* Release */ = {
			isa = XCBuildConfiguration;
			baseConfigurationReferenceAnchor = 49B19D322DB0F9ED008F9B9E /* RecipeParser */;
			baseConfigurationReferenceRelativePath = Configs/Config.xcconfig;
			buildSettings = {
				ALWAYS_SEARCH_USER_PATHS = NO;
				ASSETCATALOG_COMPILER_GENERATE_SWIFT_ASSET_SYMBOL_EXTENSIONS = YES;
				CLANG_ANALYZER_NONNULL = YES;
				CLANG_ANALYZER_NUMBER_OBJECT_CONVERSION = YES_AGGRESSIVE;
				CLANG_CXX_LANGUAGE_STANDARD = "gnu++20";
				CLANG_ENABLE_MODULES = YES;
				CLANG_ENABLE_OBJC_ARC = YES;
				CLANG_ENABLE_OBJC_WEAK = YES;
				CLANG_WARN_BLOCK_CAPTURE_AUTORELEASING = YES;
				CLANG_WARN_BOOL_CONVERSION = YES;
				CLANG_WARN_COMMA = YES;
				CLANG_WARN_CONSTANT_CONVERSION = YES;
				CLANG_WARN_DEPRECATED_OBJC_IMPLEMENTATIONS = YES;
				CLANG_WARN_DIRECT_OBJC_ISA_USAGE = YES_ERROR;
				CLANG_WARN_DOCUMENTATION_COMMENTS = YES;
				CLANG_WARN_EMPTY_BODY = YES;
				CLANG_WARN_ENUM_CONVERSION = YES;
				CLANG_WARN_INFINITE_RECURSION = YES;
				CLANG_WARN_INT_CONVERSION = YES;
				CLANG_WARN_NON_LITERAL_NULL_CONVERSION = YES;
				CLANG_WARN_OBJC_IMPLICIT_RETAIN_SELF = YES;
				CLANG_WARN_OBJC_LITERAL_CONVERSION = YES;
				CLANG_WARN_OBJC_ROOT_CLASS = YES_ERROR;
				CLANG_WARN_QUOTED_INCLUDE_IN_FRAMEWORK_HEADER = YES;
				CLANG_WARN_RANGE_LOOP_ANALYSIS = YES;
				CLANG_WARN_STRICT_PROTOTYPES = YES;
				CLANG_WARN_SUSPICIOUS_MOVE = YES;
				CLANG_WARN_UNGUARDED_AVAILABILITY = YES_AGGRESSIVE;
				CLANG_WARN_UNREACHABLE_CODE = YES;
				CLANG_WARN__DUPLICATE_METHOD_MATCH = YES;
				COPY_PHASE_STRIP = NO;
				DEBUG_INFORMATION_FORMAT = "dwarf-with-dsym";
				ENABLE_NS_ASSERTIONS = NO;
				ENABLE_STRICT_OBJC_MSGSEND = YES;
				ENABLE_USER_SCRIPT_SANDBOXING = YES;
				GCC_C_LANGUAGE_STANDARD = gnu17;
				GCC_NO_COMMON_BLOCKS = YES;
				GCC_WARN_64_TO_32_BIT_CONVERSION = YES;
				GCC_WARN_ABOUT_RETURN_TYPE = YES_ERROR;
				GCC_WARN_UNDECLARED_SELECTOR = YES;
				GCC_WARN_UNINITIALIZED_AUTOS = YES_AGGRESSIVE;
				GCC_WARN_UNUSED_FUNCTION = YES;
				GCC_WARN_UNUSED_VARIABLE = YES;
				IPHONEOS_DEPLOYMENT_TARGET = 18.4;
				LOCALIZATION_PREFERS_STRING_CATALOGS = YES;
				MTL_ENABLE_DEBUG_INFO = NO;
				MTL_FAST_MATH = YES;
				SDKROOT = iphoneos;
				SWIFT_COMPILATION_MODE = wholemodule;
				VALIDATE_PRODUCT = YES;
			};
			name = Release;
		};
		49B19D5A2DB0F9EE008F9B9E /* Debug */ = {
			isa = XCBuildConfiguration;
			buildSettings = {
				BUNDLE_LOADER = "$(TEST_HOST)";
				CODE_SIGN_STYLE = Automatic;
				CURRENT_PROJECT_VERSION = 1;
				GENERATE_INFOPLIST_FILE = YES;
				IPHONEOS_DEPLOYMENT_TARGET = 18.4;
				MARKETING_VERSION = 1.0;
				PRODUCT_BUNDLE_IDENTIFIER = JJC.RecipeParserTests;
				PRODUCT_NAME = "$(TARGET_NAME)";
				SWIFT_EMIT_LOC_STRINGS = NO;
				SWIFT_VERSION = 5.0;
				TARGETED_DEVICE_FAMILY = "1,2";
				TEST_HOST = "$(BUILT_PRODUCTS_DIR)/RecipeParser.app/$(BUNDLE_EXECUTABLE_FOLDER_PATH)/RecipeParser";
			};
			name = Debug;
		};
		49B19D5B2DB0F9EE008F9B9E /* Release */ = {
			isa = XCBuildConfiguration;
			buildSettings = {
				BUNDLE_LOADER = "$(TEST_HOST)";
				CODE_SIGN_STYLE = Automatic;
				CURRENT_PROJECT_VERSION = 1;
				GENERATE_INFOPLIST_FILE = YES;
				IPHONEOS_DEPLOYMENT_TARGET = 18.4;
				MARKETING_VERSION = 1.0;
				PRODUCT_BUNDLE_IDENTIFIER = JJC.RecipeParserTests;
				PRODUCT_NAME = "$(TARGET_NAME)";
				SWIFT_EMIT_LOC_STRINGS = NO;
				SWIFT_VERSION = 5.0;
				TARGETED_DEVICE_FAMILY = "1,2";
				TEST_HOST = "$(BUILT_PRODUCTS_DIR)/RecipeParser.app/$(BUNDLE_EXECUTABLE_FOLDER_PATH)/RecipeParser";
			};
			name = Release;
		};
		49B19D5D2DB0F9EE008F9B9E /* Debug */ = {
			isa = XCBuildConfiguration;
			buildSettings = {
				CODE_SIGN_STYLE = Automatic;
				CURRENT_PROJECT_VERSION = 1;
				GENERATE_INFOPLIST_FILE = YES;
				MARKETING_VERSION = 1.0;
				PRODUCT_BUNDLE_IDENTIFIER = JJC.RecipeParserUITests;
				PRODUCT_NAME = "$(TARGET_NAME)";
				SWIFT_EMIT_LOC_STRINGS = NO;
				SWIFT_VERSION = 5.0;
				TARGETED_DEVICE_FAMILY = "1,2";
				TEST_TARGET_NAME = RecipeParser;
			};
			name = Debug;
		};
		49B19D5E2DB0F9EE008F9B9E /* Release */ = {
			isa = XCBuildConfiguration;
			buildSettings = {
				CODE_SIGN_STYLE = Automatic;
				CURRENT_PROJECT_VERSION = 1;
				GENERATE_INFOPLIST_FILE = YES;
				MARKETING_VERSION = 1.0;
				PRODUCT_BUNDLE_IDENTIFIER = JJC.RecipeParserUITests;
				PRODUCT_NAME = "$(TARGET_NAME)";
				SWIFT_EMIT_LOC_STRINGS = NO;
				SWIFT_VERSION = 5.0;
				TARGETED_DEVICE_FAMILY = "1,2";
				TEST_TARGET_NAME = RecipeParser;
			};
			name = Release;
		};
/* End XCBuildConfiguration section */

/* Begin XCConfigurationList section */
		492BD7E02DC9A07F0020485B /* Build configuration list for PBXNativeTarget "RecipeParserShareExtension" */ = {
			isa = XCConfigurationList;
			buildConfigurations = (
				492BD7DE2DC9A07F0020485B /* Debug */,
				492BD7DF2DC9A07F0020485B /* Release */,
			);
			defaultConfigurationIsVisible = 0;
			defaultConfigurationName = Release;
		};
		49B19D2B2DB0F9EC008F9B9E /* Build configuration list for PBXProject "RecipeParser" */ = {
			isa = XCConfigurationList;
			buildConfigurations = (
				49B19D572DB0F9EE008F9B9E /* Debug */,
				49B19D582DB0F9EE008F9B9E /* Release */,
			);
			defaultConfigurationIsVisible = 0;
			defaultConfigurationName = Release;
		};
		49B19D542DB0F9EE008F9B9E /* Build configuration list for PBXNativeTarget "RecipeParser" */ = {
			isa = XCConfigurationList;
			buildConfigurations = (
				49B19D552DB0F9EE008F9B9E /* Debug */,
				49B19D562DB0F9EE008F9B9E /* Release */,
			);
			defaultConfigurationIsVisible = 0;
			defaultConfigurationName = Release;
		};
		49B19D592DB0F9EE008F9B9E /* Build configuration list for PBXNativeTarget "RecipeParserTests" */ = {
			isa = XCConfigurationList;
			buildConfigurations = (
				49B19D5A2DB0F9EE008F9B9E /* Debug */,
				49B19D5B2DB0F9EE008F9B9E /* Release */,
			);
			defaultConfigurationIsVisible = 0;
			defaultConfigurationName = Release;
		};
		49B19D5C2DB0F9EE008F9B9E /* Build configuration list for PBXNativeTarget "RecipeParserUITests" */ = {
			isa = XCConfigurationList;
			buildConfigurations = (
				49B19D5D2DB0F9EE008F9B9E /* Debug */,
				49B19D5E2DB0F9EE008F9B9E /* Release */,
			);
			defaultConfigurationIsVisible = 0;
			defaultConfigurationName = Release;
		};
/* End XCConfigurationList section */

/* Begin XCRemoteSwiftPackageReference section */
		49A5307A2DC88CDF0023574C /* XCRemoteSwiftPackageReference "SFSymbolsMacro" */ = {
			isa = XCRemoteSwiftPackageReference;
			repositoryURL = "https://github.com/lukepistrol/SFSymbolsMacro.git";
			requirement = {
				kind = upToNextMajorVersion;
				minimumVersion = 0.5.4;
			};
		};
/* End XCRemoteSwiftPackageReference section */

/* Begin XCSwiftPackageProductDependency section */
		492BD7F72DC9E45F0020485B /* SFSymbolsMacro */ = {
			isa = XCSwiftPackageProductDependency;
			package = 49A5307A2DC88CDF0023574C /* XCRemoteSwiftPackageReference "SFSymbolsMacro" */;
			productName = SFSymbolsMacro;
		};
		49A5307B2DC88CDF0023574C /* SFSymbolsMacro */ = {
			isa = XCSwiftPackageProductDependency;
			package = 49A5307A2DC88CDF0023574C /* XCRemoteSwiftPackageReference "SFSymbolsMacro" */;
			productName = SFSymbolsMacro;
		};
/* End XCSwiftPackageProductDependency section */
	};
	rootObject = 49B19D282DB0F9EC008F9B9E /* Project object */;
}
