{
  "originHash" : "acc0d2e587ef3975a2334b310681ee7fd6ebbf3225a40749ce52513b4cca3474",
  "pins" : [
    {
      "identity" : "sfsymbolsmacro",
      "kind" : "remoteSourceControl",
      "location" : "https://github.com/lukepistrol/SFSymbolsMacro.git",
      "state" : {
        "revision" : "b858ef2d14bb75537635644a38c47f5dce6f32ab",
        "version" : "0.5.4"
      }
    },
    {
      "identity" : "swift-syntax",
      "kind" : "remoteSourceControl",
      "location" : "https://github.com/swiftlang/swift-syntax",
      "state" : {
        "revision" : "0687f71944021d616d34d922343dcef086855920",
        "version" : "600.0.1"
      }
    }
  ],
  "version" : 3
}
